{
  "meteor": {},
  "dependencies": {
    "basePackages": {
      "twit": {},
      "twitter-api": {},
      "natural": {},
      "nlp": {},
      "npm": {}
    },
    "packages": {
      "twit": {
        "git": "https://github.com/subhog/meteor-twit.git",
        "tag": "v0.2.0",
        "commit": "3eb473f9efef8c77ae6a8eb6715fbdf93c4d87c0"
      },
      "twitter-api": {
        "git": "https://github.com/Sewdn/meteor-twitter-api.git",
        "tag": "v0.1.2",
        "commit": "d940e1018cb56ed011948a8fc36eb721d201cb60"
      },
      "natural": {
        "git": "https://github.com/pent/meteor-natural.git",
        "tag": "v1.0.1",
        "commit": "632d9c2278ba9e7d3e278cc69c68b4def9cf3155"
      },
      "nlp": {
        "git": "https://github.com/andreioprisan/meteor-nlp.git",
        "tag": "v0.1.21",
        "commit": "99367588b96a4458a17b62b950c28d758af57db3"
      },
      "npm": {
        "git": "https://github.com/arunoda/meteor-npm.git",
        "tag": "v0.2.6",
        "commit": "177ab6118de5bf8cffb19481343d5762ff7a2aaf"
      }
    }
  }
}
